code.hybscloud.com/cove v0.1.0 h1:EWlxg9yj3gEfXU1qmEJDmc07Bwcnt8fAljel/vDDGuY=
code.hybscloud.com/cove v0.1.0/go.mod h1:+oQseMKMiLIY2LDG5G6x/cGBuCH4lM0ebHsNyHLGtX8=
code.hybscloud.com/iobuf v0.3.2 h1:9jwHb9ZKRWs9cSe0W8xGQixAXY0ZLQzsUh5NrgxZfw8=
code.hybscloud.com/iobuf v0.3.2/go.mod h1:6bp/JHdrA31nZYnhHVVRmN2Jpwm6A9Ynai0xtYMyBS4=
code.hybscloud.com/iox v0.3.4 h1:2FMPyFH/AAkRAru/zKeo2oaIrmZgLdc4QDfVjKhGXCs=
code.hybscloud.com/iox v0.3.4/go.mod h1:LNxkaP3I0NWbnV2ia5zye8VMrk9kRCGbeIRZR2eGePA=
code.hybscloud.com/kont v0.1.7 h1:q/2gKI46Qpep6MqOByILhjrqPSSy/Hjg5q2D23DcwBI=
code.hybscloud.com/kont v0.1.7/go.mod h1:bSVvA1+WqivYN585w48d+f2q9zkYDJcdHQYywWFL9D4=
code.hybscloud.com/spin v0.1.5 h1:Xxi9mIMFmEl9JbCG8SEUnyfuNMT+6xdPu4twq8EqYK4=
code.hybscloud.com/spin v0.1.5/go.mod h1:BSOZ7kI43eIPohSVPQXZRf/KJYtRW3gJx82CwyLM64g=
