code.hybscloud.com/iox v0.3.4 h1:2FMPyFH/AAkRAru/zKeo2oaIrmZgLdc4QDfVjKhGXCs=
code.hybscloud.com/iox v0.3.4/go.mod h1:LNxkaP3I0NWbnV2ia5zye8VMrk9kRCGbeIRZR2eGePA=
code.hybscloud.com/kont v0.1.4 h1:eEMYMChVZUPdEAkR9aace5NYgZLasc5UGuIQ9ZWDL2A=
code.hybscloud.com/kont v0.1.4/go.mod h1:bSVvA1+WqivYN585w48d+f2q9zkYDJcdHQYywWFL9D4=
code.hybscloud.com/spin v0.1.5 h1:Xxi9mIMFmEl9JbCG8SEUnyfuNMT+6xdPu4twq8EqYK4=
code.hybscloud.com/spin v0.1.5/go.mod h1:BSOZ7kI43eIPohSVPQXZRf/KJYtRW3gJx82CwyLM64g=
